
Microsoft Visual Studio Solution File, Format Version 12.00
# Visual Studio 14
VisualStudioVersion = 14.0.24720.0
MinimumVisualStudioVersion = 10.0.40219.1
Project("{FAE04EC0-301F-11D3-BF4B-00C04F79EFBC}") = "AdvancedXml.HW.CheckInputXml", "AdvancedXml.HW.CheckInputXml\AdvancedXml.HW.CheckInputXml.csproj", "{5F0C2F77-EB66-48F3-8509-160B2AB40853}"
EndProject
Project("{FAE04EC0-301F-11D3-BF4B-00C04F79EFBC}") = "AdvancedXml.HW.AtomFeedConsole", "AdvancedXml.HW.AtomFeedConsole\AdvancedXml.HW.AtomFeedConsole.csproj", "{6EED9248-70D6-4626-AC70-31AF2605B1F3}"
EndProject
Project("{FAE04EC0-301F-11D3-BF4B-00C04F79EFBC}") = "AdvancedXml.HW.HtmlReport", "AdvancedXml.HW.HtmlReport\AdvancedXml.HW.HtmlReport.csproj", "{DD15779C-6D67-451A-85A7-9369878B54D0}"
EndProject
Global
	GlobalSection(SolutionConfigurationPlatforms) = preSolution
		Debug|Any CPU = Debug|Any CPU
		Release|Any CPU = Release|Any CPU
	EndGlobalSection
	GlobalSection(ProjectConfigurationPlatforms) = postSolution
		{5F0C2F77-EB66-48F3-8509-160B2AB40853}.Debug|Any CPU.ActiveCfg = Debug|Any CPU
		{5F0C2F77-EB66-48F3-8509-160B2AB40853}.Debug|Any CPU.Build.0 = Debug|Any CPU
		{5F0C2F77-EB66-48F3-8509-160B2AB40853}.Release|Any CPU.ActiveCfg = Release|Any CPU
		{5F0C2F77-EB66-48F3-8509-160B2AB40853}.Release|Any CPU.Build.0 = Release|Any CPU
		{6EED9248-70D6-4626-AC70-31AF2605B1F3}.Debug|Any CPU.ActiveCfg = Debug|Any CPU
		{6EED9248-70D6-4626-AC70-31AF2605B1F3}.Debug|Any CPU.Build.0 = Debug|Any CPU
		{6EED9248-70D6-4626-AC70-31AF2605B1F3}.Release|Any CPU.ActiveCfg = Release|Any CPU
		{6EED9248-70D6-4626-AC70-31AF2605B1F3}.Release|Any CPU.Build.0 = Release|Any CPU
		{DD15779C-6D67-451A-85A7-9369878B54D0}.Debug|Any CPU.ActiveCfg = Debug|Any CPU
		{DD15779C-6D67-451A-85A7-9369878B54D0}.Debug|Any CPU.Build.0 = Debug|Any CPU
		{DD15779C-6D67-451A-85A7-9369878B54D0}.Release|Any CPU.ActiveCfg = Release|Any CPU
		{DD15779C-6D67-451A-85A7-9369878B54D0}.Release|Any CPU.Build.0 = Release|Any CPU
	EndGlobalSection
	GlobalSection(SolutionProperties) = preSolution
		HideSolutionNode = FALSE
	EndGlobalSection
EndGlobal
